// !$*UTF8*$!
{
	archiveVersion = 1;
	classes = {
	};
	objectVersion = 55;
	objects = {

/* Begin PBXBuildFile section */
		182406C5283BCF0A00515777 /* MemeApp_v1App.swift in Sources */ = {isa = PBXBuildFile; fileRef = 182406C4283BCF0A00515777 /* MemeApp_v1App.swift */; };
		182406C7283BCF0A00515777 /* ContentView.swift in Sources */ = {isa = PBXBuildFile; fileRef = 182406C6283BCF0A00515777 /* ContentView.swift */; };
		182406C9283BCF0B00515777 /* Assets.xcassets in Resources */ = {isa = PBXBuildFile; fileRef = 182406C8283BCF0B00515777 /* Assets.xcassets */; };
		182406CC283BCF0B00515777 /* Preview Assets.xcassets in Resources */ = {isa = PBXBuildFile; fileRef = 182406CB283BCF0B00515777 /* Preview Assets.xcassets */; };
		182406D6283BCF0B00515777 /* MemeApp_v1Tests.swift in Sources */ = {isa = PBXBuildFile; fileRef = 182406D5283BCF0B00515777 /* MemeApp_v1Tests.swift */; };
		182406E0283BCF0B00515777 /* MemeApp_v1UITests.swift in Sources */ = {isa = PBXBuildFile; fileRef = 182406DF283BCF0B00515777 /* MemeApp_v1UITests.swift */; };
		182406E2283BCF0B00515777 /* MemeApp_v1UITestsLaunchTests.swift in Sources */ = {isa = PBXBuildFile; fileRef = 182406E1283BCF0B00515777 /* MemeApp_v1UITestsLaunchTests.swift */; };
/* End PBXBuildFile section */

/* Begin PBXContainerItemProxy section */
		182406D2283BCF0B00515777 /* PBXContainerItemProxy */ = {
			isa = PBXContainerItemProxy;
			containerPortal = 182406B9283BCF0A00515777 /* Project object */;
			proxyType = 1;
			remoteGlobalIDString = 182406C0283BCF0A00515777;
			remoteInfo = "MemeApp-v1";
		};
		182406DC283BCF0B00515777 /* PBXContainerItemProxy */ = {
			isa = PBXContainerItemProxy;
			containerPortal = 182406B9283BCF0A00515777 /* Project object */;
			proxyType = 1;
			remoteGlobalIDString = 182406C0283BCF0A00515777;
			remoteInfo = "MemeApp-v1";
		};
/* End PBXContainerItemProxy section */

/* Begin PBXFileReference section */
		182406C1283BCF0A00515777 /* MemeApp-v1.app */ = {isa = PBXFileReference; explicitFileType = wrapper.application; includeInIndex = 0; path = "MemeApp-v1.app"; sourceTree = BUILT_PRODUCTS_DIR; };
		182406C4283BCF0A00515777 /* MemeApp_v1App.swift */ = {isa = PBXFileReference; lastKnownFileType = sourcecode.swift; path = MemeApp_v1App.swift; sourceTree = "<group>"; };
		182406C6283BCF0A00515777 /* ContentView.swift */ = {isa = PBXFileReference; lastKnownFileType = sourcecode.swift; path = ContentView.swift; sourceTree = "<group>"; };
		182406C8283BCF0B00515777 /* Assets.xcassets */ = {isa = PBXFileReference; lastKnownFileType = folder.assetcatalog; path = Assets.xcassets; sourceTree = "<group>"; };
		182406CB283BCF0B00515777 /* Preview Assets.xcassets */ = {isa = PBXFileReference; lastKnownFileType = folder.assetcatalog; path = "Preview Assets.xcassets"; sourceTree = "<group>"; };
		182406D1283BCF0B00515777 /* MemeApp-v1Tests.xctest */ = {isa = PBXFileReference; explicitFileType = wrapper.cfbundle; includeInIndex = 0; path = "MemeApp-v1Tests.xctest"; sourceTree = BUILT_PRODUCTS_DIR; };
		182406D5283BCF0B00515777 /* MemeApp_v1Tests.swift */ = {isa = PBXFileReference; lastKnownFileType = sourcecode.swift; path = MemeApp_v1Tests.swift; sourceTree = "<group>"; };
		182406DB283BCF0B00515777 /* MemeApp-v1UITests.xctest */ = {isa = PBXFileReference; explicitFileType = wrapper.cfbundle; includeInIndex = 0; path = "MemeApp-v1UITests.xctest"; sourceTree = BUILT_PRODUCTS_DIR; };
		182406DF283BCF0B00515777 /* MemeApp_v1UITests.swift */ = {isa = PBXFileReference; lastKnownFileType = sourcecode.swift; path = MemeApp_v1UITests.swift; sourceTree = "<group>"; };
		182406E1283BCF0B00515777 /* MemeApp_v1UITestsLaunchTests.swift */ = {isa = PBXFileReference; lastKnownFileType = sourcecode.swift; path = MemeApp_v1UITestsLaunchTests.swift; sourceTree = "<group>"; };
/* End PBXFileReference section */

/* Begin PBXFrameworksBuildPhase section */
		182406BE283BCF0A00515777 /* Frameworks */ = {
			isa = PBXFrameworksBuildPhase;
			buildActionMask = 2147483647;
			files = (
			);
			runOnlyForDeploymentPostprocessing = 0;
		};
		182406CE283BCF0B00515777 /* Frameworks */ = {
			isa = PBXFrameworksBuildPhase;
			buildActionMask = 2147483647;
			files = (
			);
			runOnlyForDeploymentPostprocessing = 0;
		};
		182406D8283BCF0B00515777 /* Frameworks */ = {
			isa = PBXFrameworksBuildPhase;
			buildActionMask = 2147483647;
			files = (
			);
			runOnlyForDeploymentPostprocessing = 0;
		};
/* End PBXFrameworksBuildPhase section */

/* Begin PBXGroup section */
		182406B8283BCF0A00515777 = {
			isa = PBXGroup;
			children = (
				182406C3283BCF0A00515777 /* MemeApp-v1 */,
				182406D4283BCF0B00515777 /* MemeApp-v1Tests */,
				182406DE283BCF0B00515777 /* MemeApp-v1UITests */,
				182406C2283BCF0A00515777 /* Products */,
			);
			sourceTree = "<group>";
		};
		182406C2283BCF0A00515777 /* Products */ = {
			isa = PBXGroup;
			children = (
				182406C1283BCF0A00515777 /* MemeApp-v1.app */,
				182406D1283BCF0B00515777 /* MemeApp-v1Tests.xctest */,
				182406DB283BCF0B00515777 /* MemeApp-v1UITests.xctest */,
			);
			name = Products;
			sourceTree = "<group>";
		};
		182406C3283BCF0A00515777 /* MemeApp-v1 */ = {
			isa = PBXGroup;
			children = (
				182406C4283BCF0A00515777 /* MemeApp_v1App.swift */,
				182406C6283BCF0A00515777 /* ContentView.swift */,
				182406C8283BCF0B00515777 /* Assets.xcassets */,
				182406CA283BCF0B00515777 /* Preview Content */,
			);
			path = "MemeApp-v1";
			sourceTree = "<group>";
		};
		182406CA283BCF0B00515777 /* Preview Content */ = {
			isa = PBXGroup;
			children = (
				182406CB283BCF0B00515777 /* Preview Assets.xcassets */,
			);
			path = "Preview Content";
			sourceTree = "<group>";
		};
		182406D4283BCF0B00515777 /* MemeApp-v1Tests */ = {
			isa = PBXGroup;
			children = (
				182406D5283BCF0B00515777 /* MemeApp_v1Tests.swift */,
			);
			path = "MemeApp-v1Tests";
			sourceTree = "<group>";
		};
		182406DE283BCF0B00515777 /* MemeApp-v1UITests */ = {
			isa = PBXGroup;
			children = (
				182406DF283BCF0B00515777 /* MemeApp_v1UITests.swift */,
				182406E1283BCF0B00515777 /* MemeApp_v1UITestsLaunchTests.swift */,
			);
			path = "MemeApp-v1UITests";
			sourceTree = "<group>";
		};
/* End PBXGroup section */

/* Begin PBXNativeTarget section */
		182406C0283BCF0A00515777 /* MemeApp-v1 */ = {
			isa = PBXNativeTarget;
			buildConfigurationList = 182406E5283BCF0B00515777 /* Build configuration list for PBXNativeTarget "MemeApp-v1" */;
			buildPhases = (
				182406BD283BCF0A00515777 /* Sources */,
				182406BE283BCF0A00515777 /* Frameworks */,
				182406BF283BCF0A00515777 /* Resources */,
			);
			buildRules = (
			);
			dependencies = (
			);
			name = "MemeApp-v1";
			productName = "MemeApp-v1";
			productReference = 182406C1283BCF0A00515777 /* MemeApp-v1.app */;
			productType = "com.apple.product-type.application";
		};
		182406D0283BCF0B00515777 /* MemeApp-v1Tests */ = {
			isa = PBXNativeTarget;
			buildConfigurationList = 182406E8283BCF0B00515777 /* Build configuration list for PBXNativeTarget "MemeApp-v1Tests" */;
			buildPhases = (
				182406CD283BCF0B00515777 /* Sources */,
				182406CE283BCF0B00515777 /* Frameworks */,
				182406CF283BCF0B00515777 /* Resources */,
			);
			buildRules = (
			);
			dependencies = (
				182406D3283BCF0B00515777 /* PBXTargetDependency */,
			);
			name = "MemeApp-v1Tests";
			productName = "MemeApp-v1Tests";
			productReference = 182406D1283BCF0B00515777 /* MemeApp-v1Tests.xctest */;
			productType = "com.apple.product-type.bundle.unit-test";
		};
		182406DA283BCF0B00515777 /* MemeApp-v1UITests */ = {
			isa = PBXNativeTarget;
			buildConfigurationList = 182406EB283BCF0B00515777 /* Build configuration list for PBXNativeTarget "MemeApp-v1UITests" */;
			buildPhases = (
				182406D7283BCF0B00515777 /* Sources */,
				182406D8283BCF0B00515777 /* Frameworks */,
				182406D9283BCF0B00515777 /* Resources */,
			);
			buildRules = (
			);
			dependencies = (
				182406DD283BCF0B00515777 /* PBXTargetDependency */,
			);
			name = "MemeApp-v1UITests";
			productName = "MemeApp-v1UITests";
			productReference = 182406DB283BCF0B00515777 /* MemeApp-v1UITests.xctest */;
			productType = "com.apple.product-type.bundle.ui-testing";
		};
/* End PBXNativeTarget section */

/* Begin PBXProject section */
		182406B9283BCF0A00515777 /* Project object */ = {
			isa = PBXProject;
			attributes = {
				BuildIndependentTargetsInParallel = 1;
				LastSwiftUpdateCheck = 1330;
				LastUpgradeCheck = 1330;
				TargetAttributes = {
					182406C0283BCF0A00515777 = {
						CreatedOnToolsVersion = 13.3.1;
					};
					182406D0283BCF0B00515777 = {
						CreatedOnToolsVersion = 13.3.1;
						TestTargetID = 182406C0283BCF0A00515777;
					};
					182406DA283BCF0B00515777 = {
						CreatedOnToolsVersion = 13.3.1;
						TestTargetID = 182406C0283BCF0A00515777;
					};
				};
			};
			buildConfigurationList = 182406BC283BCF0A00515777 /* Build configuration list for PBXProject "MemeApp-v1" */;
			compatibilityVersion = "Xcode 13.0";
			developmentRegion = en;
			hasScannedForEncodings = 0;
			knownRegions = (
				en,
				Base,
			);
			mainGroup = 182406B8283BCF0A00515777;
			productRefGroup = 182406C2283BCF0A00515777 /* Products */;
			projectDirPath = "";
			projectRoot = "";
			targets = (
				182406C0283BCF0A00515777 /* MemeApp-v1 */,
				182406D0283BCF0B00515777 /* MemeApp-v1Tests */,
				182406DA283BCF0B00515777 /* MemeApp-v1UITests */,
			);
		};
/* End PBXProject section */

/* Begin PBXResourcesBuildPhase section */
		182406BF283BCF0A00515777 /* Resources */ = {
			isa = PBXResourcesBuildPhase;
			buildActionMask = 2147483647;
			files = (
				182406CC283BCF0B00515777 /* Preview Assets.xcassets in Resources */,
				182406C9283BCF0B00515777 /* Assets.xcassets in Resources */,
			);
			runOnlyForDeploymentPostprocessing = 0;
		};
		182406CF283BCF0B00515777 /* Resources */ = {
			isa = PBXResourcesBuildPhase;
			buildActionMask = 2147483647;
			files = (
			);
			runOnlyForDeploymentPostprocessing = 0;
		};
		182406D9283BCF0B00515777 /* Resources */ = {
			isa = PBXResourcesBuildPhase;
			buildActionMask = 2147483647;
			files = (
			);
			runOnlyForDeploymentPostprocessing = 0;
		};
/* End PBXResourcesBuildPhase section */

/* Begin PBXSourcesBuildPhase section */
		182406BD283BCF0A00515777 /* Sources */ = {
			isa = PBXSourcesBuildPhase;
			buildActionMask = 2147483647;
			files = (
				182406C7283BCF0A00515777 /* ContentView.swift in Sources */,
				182406C5283BCF0A00515777 /* MemeApp_v1App.swift in Sources */,
			);
			runOnlyForDeploymentPostprocessing = 0;
		};
		182406CD283BCF0B00515777 /* Sources */ = {
			isa = PBXSourcesBuildPhase;
			buildActionMask = 2147483647;
			files = (
				182406D6283BCF0B00515777 /* MemeApp_v1Tests.swift in Sources */,
			);
			runOnlyForDeploymentPostprocessing = 0;
		};
		182406D7283BCF0B00515777 /* Sources */ = {
			isa = PBXSourcesBuildPhase;
			buildActionMask = 2147483647;
			files = (
				182406E0283BCF0B00515777 /* MemeApp_v1UITests.swift in Sources */,
				182406E2283BCF0B00515777 /* MemeApp_v1UITestsLaunchTests.swift in Sources */,
			);
			runOnlyForDeploymentPostprocessing = 0;
		};
/* End PBXSourcesBuildPhase section */

/* Begin PBXTargetDependency section */
		182406D3283BCF0B00515777 /* PBXTargetDependency */ = {
			isa = PBXTargetDependency;
			target = 182406C0283BCF0A00515777 /* MemeApp-v1 */;
			targetProxy = 182406D2283BCF0B00515777 /* PBXContainerItemProxy */;
		};
		182406DD283BCF0B00515777 /* PBXTargetDependency */ = {
			isa = PBXTargetDependency;
			target = 182406C0283BCF0A00515777 /* MemeApp-v1 */;
			targetProxy = 182406DC283BCF0B00515777 /* PBXContainerItemProxy */;
		};
/* End PBXTargetDependency section */

/* Begin XCBuildConfiguration section */
		182406E3283BCF0B00515777 /* Debug */ = {
			isa = XCBuildConfiguration;
			buildSettings = {
				ALWAYS_SEARCH_USER_PATHS = NO;
				CLANG_ANALYZER_NONNULL = YES;
				CLANG_ANALYZER_NUMBER_OBJECT_CONVERSION = YES_AGGRESSIVE;
				CLANG_CXX_LANGUAGE_STANDARD = "gnu++17";
				CLANG_ENABLE_MODULES = YES;
				CLANG_ENABLE_OBJC_ARC = YES;
				CLANG_ENABLE_OBJC_WEAK = YES;
				CLANG_WARN_BLOCK_CAPTURE_AUTORELEASING = YES;
				CLANG_WARN_BOOL_CONVERSION = YES;
				CLANG_WARN_COMMA = YES;
				CLANG_WARN_CONSTANT_CONVERSION = YES;
				CLANG_WARN_DEPRECATED_OBJC_IMPLEMENTATIONS = YES;
				CLANG_WARN_DIRECT_OBJC_ISA_USAGE = YES_ERROR;
				CLANG_WARN_DOCUMENTATION_COMMENTS = YES;
				CLANG_WARN_EMPTY_BODY = YES;
				CLANG_WARN_ENUM_CONVERSION = YES;
				CLANG_WARN_INFINITE_RECURSION = YES;
				CLANG_WARN_INT_CONVERSION = YES;
				CLANG_WARN_NON_LITERAL_NULL_CONVERSION = YES;
				CLANG_WARN_OBJC_IMPLICIT_RETAIN_SELF = YES;
				CLANG_WARN_OBJC_LITERAL_CONVERSION = YES;
				CLANG_WARN_OBJC_ROOT_CLASS = YES_ERROR;
				CLANG_WARN_QUOTED_INCLUDE_IN_FRAMEWORK_HEADER = YES;
				CLANG_WARN_RANGE_LOOP_ANALYSIS = YES;
				CLANG_WARN_STRICT_PROTOTYPES = YES;
				CLANG_WARN_SUSPICIOUS_MOVE = YES;
				CLANG_WARN_UNGUARDED_AVAILABILITY = YES_AGGRESSIVE;
				CLANG_WARN_UNREACHABLE_CODE = YES;
				CLANG_WARN__DUPLICATE_METHOD_MATCH = YES;
				COPY_PHASE_STRIP = NO;
				DEBUG_INFORMATION_FORMAT = dwarf;
				ENABLE_STRICT_OBJC_MSGSEND = YES;
				ENABLE_TESTABILITY = YES;
				GCC_C_LANGUAGE_STANDARD = gnu11;
				GCC_DYNAMIC_NO_PIC = NO;
				GCC_NO_COMMON_BLOCKS = YES;
				GCC_OPTIMIZATION_LEVEL = 0;
				GCC_PREPROCESSOR_DEFINITIONS = (
					"DEBUG=1",
					"$(inherited)",
				);
				GCC_WARN_64_TO_32_BIT_CONVERSION = YES;
				GCC_WARN_ABOUT_RETURN_TYPE = YES_ERROR;
				GCC_WARN_UNDECLARED_SELECTOR = YES;
				GCC_WARN_UNINITIALIZED_AUTOS = YES_AGGRESSIVE;
				GCC_WARN_UNUSED_FUNCTION = YES;
				GCC_WARN_UNUSED_VARIABLE = YES;
				IPHONEOS_DEPLOYMENT_TARGET = 15.4;
				MTL_ENABLE_DEBUG_INFO = INCLUDE_SOURCE;
				MTL_FAST_MATH = YES;
				ONLY_ACTIVE_ARCH = YES;
				SDKROOT = iphoneos;
				SWIFT_ACTIVE_COMPILATION_CONDITIONS = DEBUG;
				SWIFT_OPTIMIZATION_LEVEL = "-Onone";
			};
			name = Debug;
		};
		182406E4283BCF0B00515777 /* Release */ = {
			isa = XCBuildConfiguration;
			buildSettings = {
				ALWAYS_SEARCH_USER_PATHS = NO;
				CLANG_ANALYZER_NONNULL = YES;
				CLANG_ANALYZER_NUMBER_OBJECT_CONVERSION = YES_AGGRESSIVE;
				CLANG_CXX_LANGUAGE_STANDARD = "gnu++17";
				CLANG_ENABLE_MODULES = YES;
				CLANG_ENABLE_OBJC_ARC = YES;
				CLANG_ENABLE_OBJC_WEAK = YES;
				CLANG_WARN_BLOCK_CAPTURE_AUTORELEASING = YES;
				CLANG_WARN_BOOL_CONVERSION = YES;
				CLANG_WARN_COMMA = YES;
				CLANG_WARN_CONSTANT_CONVERSION = YES;
				CLANG_WARN_DEPRECATED_OBJC_IMPLEMENTATIONS = YES;
				CLANG_WARN_DIRECT_OBJC_ISA_USAGE = YES_ERROR;
				CLANG_WARN_DOCUMENTATION_COMMENTS = YES;
				CLANG_WARN_EMPTY_BODY = YES;
				CLANG_WARN_ENUM_CONVERSION = YES;
				CLANG_WARN_INFINITE_RECURSION = YES;
				CLANG_WARN_INT_CONVERSION = YES;
				CLANG_WARN_NON_LITERAL_NULL_CONVERSION = YES;
				CLANG_WARN_OBJC_IMPLICIT_RETAIN_SELF = YES;
				CLANG_WARN_OBJC_LITERAL_CONVERSION = YES;
				CLANG_WARN_OBJC_ROOT_CLASS = YES_ERROR;
				CLANG_WARN_QUOTED_INCLUDE_IN_FRAMEWORK_HEADER = YES;
				CLANG_WARN_RANGE_LOOP_ANALYSIS = YES;
				CLANG_WARN_STRICT_PROTOTYPES = YES;
				CLANG_WARN_SUSPICIOUS_MOVE = YES;
				CLANG_WARN_UNGUARDED_AVAILABILITY = YES_AGGRESSIVE;
				CLANG_WARN_UNREACHABLE_CODE = YES;
				CLANG_WARN__DUPLICATE_METHOD_MATCH = YES;
				COPY_PHASE_STRIP = NO;
				DEBUG_INFORMATION_FORMAT = "dwarf-with-dsym";
				ENABLE_NS_ASSERTIONS = NO;
				ENABLE_STRICT_OBJC_MSGSEND = YES;
				GCC_C_LANGUAGE_STANDARD = gnu11;
				GCC_NO_COMMON_BLOCKS = YES;
				GCC_WARN_64_TO_32_BIT_CONVERSION = YES;
				GCC_WARN_ABOUT_RETURN_TYPE = YES_ERROR;
				GCC_WARN_UNDECLARED_SELECTOR = YES;
				GCC_WARN_UNINITIALIZED_AUTOS = YES_AGGRESSIVE;
				GCC_WARN_UNUSED_FUNCTION = YES;
				GCC_WARN_UNUSED_VARIABLE = YES;
				IPHONEOS_DEPLOYMENT_TARGET = 15.4;
				MTL_ENABLE_DEBUG_INFO = NO;
				MTL_FAST_MATH = YES;
				SDKROOT = iphoneos;
				SWIFT_COMPILATION_MODE = wholemodule;
				SWIFT_OPTIMIZATION_LEVEL = "-O";
				VALIDATE_PRODUCT = YES;
			};
			name = Release;
		};
		182406E6283BCF0B00515777 /* Debug */ = {
			isa = XCBuildConfiguration;
			buildSettings = {
				ASSETCATALOG_COMPILER_APPICON_NAME = AppIcon;
				ASSETCATALOG_COMPILER_GLOBAL_ACCENT_COLOR_NAME = AccentColor;
				CODE_SIGN_STYLE = Automatic;
				CURRENT_PROJECT_VERSION = 1;
				DEVELOPMENT_ASSET_PATHS = "\"MemeApp-v1/Preview Content\"";
				DEVELOPMENT_TEAM = 52G76S8277;
				ENABLE_PREVIEWS = YES;
				GENERATE_INFOPLIST_FILE = YES;
				INFOPLIST_KEY_UIApplicationSceneManifest_Generation = YES;
				INFOPLIST_KEY_UIApplicationSupportsIndirectInputEvents = YES;
				INFOPLIST_KEY_UILaunchScreen_Generation = YES;
				INFOPLIST_KEY_UISupportedInterfaceOrientations_iPad = "UIInterfaceOrientationPortrait UIInterfaceOrientationPortraitUpsideDown UIInterfaceOrientationLandscapeLeft UIInterfaceOrientationLandscapeRight";
				INFOPLIST_KEY_UISupportedInterfaceOrientations_iPhone = "UIInterfaceOrientationPortrait UIInterfaceOrientationLandscapeLeft UIInterfaceOrientationLandscapeRight";
				LD_RUNPATH_SEARCH_PATHS = (
					"$(inherited)",
					"@executable_path/Frameworks",
				);
				MARKETING_VERSION = 1.0;
				PRODUCT_BUNDLE_IDENTIFIER = "dev.ahmadrafi.MemeApp-v1";
				PRODUCT_NAME = "$(TARGET_NAME)";
				SWIFT_EMIT_LOC_STRINGS = YES;
				SWIFT_VERSION = 5.0;
				TARGETED_DEVICE_FAMILY = "1,2";
			};
			name = Debug;
		};
		182406E7283BCF0B00515777 /* Release */ = {
			isa = XCBuildConfiguration;
			buildSettings = {
				ASSETCATALOG_COMPILER_APPICON_NAME = AppIcon;
				ASSETCATALOG_COMPILER_GLOBAL_ACCENT_COLOR_NAME = AccentColor;
				CODE_SIGN_STYLE = Automatic;
				CURRENT_PROJECT_VERSION = 1;
				DEVELOPMENT_ASSET_PATHS = "\"MemeApp-v1/Preview Content\"";
				DEVELOPMENT_TEAM = 52G76S8277;
				ENABLE_PREVIEWS = YES;
				GENERATE_INFOPLIST_FILE = YES;
				INFOPLIST_KEY_UIApplicationSceneManifest_Generation = YES;
				INFOPLIST_KEY_UIApplicationSupportsIndirectInputEvents = YES;
				INFOPLIST_KEY_UILaunchScreen_Generation = YES;
				INFOPLIST_KEY_UISupportedInterfaceOrientations_iPad = "UIInterfaceOrientationPortrait UIInterfaceOrientationPortraitUpsideDown UIInterfaceOrientationLandscapeLeft UIInterfaceOrientationLandscapeRight";
				INFOPLIST_KEY_UISupportedInterfaceOrientations_iPhone = "UIInterfaceOrientationPortrait UIInterfaceOrientationLandscapeLeft UIInterfaceOrientationLandscapeRight";
				LD_RUNPATH_SEARCH_PATHS = (
					"$(inherited)",
					"@executable_path/Frameworks",
				);
				MARKETING_VERSION = 1.0;
				PRODUCT_BUNDLE_IDENTIFIER = "dev.ahmadrafi.MemeApp-v1";
				PRODUCT_NAME = "$(TARGET_NAME)";
				SWIFT_EMIT_LOC_STRINGS = YES;
				SWIFT_VERSION = 5.0;
				TARGETED_DEVICE_FAMILY = "1,2";
			};
			name = Release;
		};
		182406E9283BCF0B00515777 /* Debug */ = {
			isa = XCBuildConfiguration;
			buildSettings = {
				ALWAYS_EMBED_SWIFT_STANDARD_LIBRARIES = YES;
				BUNDLE_LOADER = "$(TEST_HOST)";
				CODE_SIGN_STYLE = Automatic;
				CURRENT_PROJECT_VERSION = 1;
				DEVELOPMENT_TEAM = 52G76S8277;
				GENERATE_INFOPLIST_FILE = YES;
				IPHONEOS_DEPLOYMENT_TARGET = 15.4;
				MARKETING_VERSION = 1.0;
				PRODUCT_BUNDLE_IDENTIFIER = "dev.ahmadrafi.MemeApp-v1Tests";
				PRODUCT_NAME = "$(TARGET_NAME)";
				SWIFT_EMIT_LOC_STRINGS = NO;
				SWIFT_VERSION = 5.0;
				TARGETED_DEVICE_FAMILY = "1,2";
				TEST_HOST = "$(BUILT_PRODUCTS_DIR)/MemeApp-v1.app/MemeApp-v1";
			};
			name = Debug;
		};
		182406EA283BCF0B00515777 /* Release */ = {
			isa = XCBuildConfiguration;
			buildSettings = {
				ALWAYS_EMBED_SWIFT_STANDARD_LIBRARIES = YES;
				BUNDLE_LOADER = "$(TEST_HOST)";
				CODE_SIGN_STYLE = Automatic;
				CURRENT_PROJECT_VERSION = 1;
				DEVELOPMENT_TEAM = 52G76S8277;
				GENERATE_INFOPLIST_FILE = YES;
				IPHONEOS_DEPLOYMENT_TARGET = 15.4;
				MARKETING_VERSION = 1.0;
				PRODUCT_BUNDLE_IDENTIFIER = "dev.ahmadrafi.MemeApp-v1Tests";
				PRODUCT_NAME = "$(TARGET_NAME)";
				SWIFT_EMIT_LOC_STRINGS = NO;
				SWIFT_VERSION = 5.0;
				TARGETED_DEVICE_FAMILY = "1,2";
				TEST_HOST = "$(BUILT_PRODUCTS_DIR)/MemeApp-v1.app/MemeApp-v1";
			};
			name = Release;
		};
		182406EC283BCF0B00515777 /* Debug */ = {
			isa = XCBuildConfiguration;
			buildSettings = {
				ALWAYS_EMBED_SWIFT_STANDARD_LIBRARIES = YES;
				CODE_SIGN_STYLE = Automatic;
				CURRENT_PROJECT_VERSION = 1;
				DEVELOPMENT_TEAM = 52G76S8277;
				GENERATE_INFOPLIST_FILE = YES;
				MARKETING_VERSION = 1.0;
				PRODUCT_BUNDLE_IDENTIFIER = "dev.ahmadrafi.MemeApp-v1UITests";
				PRODUCT_NAME = "$(TARGET_NAME)";
				SWIFT_EMIT_LOC_STRINGS = NO;
				SWIFT_VERSION = 5.0;
				TARGETED_DEVICE_FAMILY = "1,2";
				TEST_TARGET_NAME = "MemeApp-v1";
			};
			name = Debug;
		};
		182406ED283BCF0B00515777 /* Release */ = {
			isa = XCBuildConfiguration;
			buildSettings = {
				ALWAYS_EMBED_SWIFT_STANDARD_LIBRARIES = YES;
				CODE_SIGN_STYLE = Automatic;
				CURRENT_PROJECT_VERSION = 1;
				DEVELOPMENT_TEAM = 52G76S8277;
				GENERATE_INFOPLIST_FILE = YES;
				MARKETING_VERSION = 1.0;
				PRODUCT_BUNDLE_IDENTIFIER = "dev.ahmadrafi.MemeApp-v1UITests";
				PRODUCT_NAME = "$(TARGET_NAME)";
				SWIFT_EMIT_LOC_STRINGS = NO;
				SWIFT_VERSION = 5.0;
				TARGETED_DEVICE_FAMILY = "1,2";
				TEST_TARGET_NAME = "MemeApp-v1";
			};
			name = Release;
		};
/* End XCBuildConfiguration section */

/* Begin XCConfigurationList section */
		182406BC283BCF0A00515777 /* Build configuration list for PBXProject "MemeApp-v1" */ = {
			isa = XCConfigurationList;
			buildConfigurations = (
				182406E3283BCF0B00515777 /* Debug */,
				182406E4283BCF0B00515777 /* Release */,
			);
			defaultConfigurationIsVisible = 0;
			defaultConfigurationName = Release;
		};
		182406E5283BCF0B00515777 /* Build configuration list for PBXNativeTarget "MemeApp-v1" */ = {
			isa = XCConfigurationList;
			buildConfigurations = (
				182406E6283BCF0B00515777 /* Debug */,
				182406E7283BCF0B00515777 /* Release */,
			);
			defaultConfigurationIsVisible = 0;
			defaultConfigurationName = Release;
		};
		182406E8283BCF0B00515777 /* Build configuration list for PBXNativeTarget "MemeApp-v1Tests" */ = {
			isa = XCConfigurationList;
			buildConfigurations = (
				182406E9283BCF0B00515777 /* Debug */,
				182406EA283BCF0B00515777 /* Release */,
			);
			defaultConfigurationIsVisible = 0;
			defaultConfigurationName = Release;
		};
		182406EB283BCF0B00515777 /* Build configuration list for PBXNativeTarget "MemeApp-v1UITests" */ = {
			isa = XCConfigurationList;
			buildConfigurations = (
				182406EC283BCF0B00515777 /* Debug */,
				182406ED283BCF0B00515777 /* Release */,
			);
			defaultConfigurationIsVisible = 0;
			defaultConfigurationName = Release;
		};
/* End XCConfigurationList section */
	};
	rootObject = 182406B9283BCF0A00515777 /* Project object */;
}
